
Microsoft Visual Studio Solution File, Format Version 12.00
# Visual Studio Version 16
VisualStudioVersion = 16.0.31205.134
MinimumVisualStudioVersion = 10.0.40219.1
Project("{FAE04EC0-301F-11D3-BF4B-00C04F79EFBC}") = "ProyectoApi", "ProyectoApi\ProyectoApi.csproj", "{A602D0C1-B2F2-45FE-AD1C-31BCC5875D8F}"
EndProject
Project("{FAE04EC0-301F-11D3-BF4B-00C04F79EFBC}") = "ProyectoApi.Data", "ProyectoApi.Data\ProyectoApi.Data.csproj", "{12614A59-E509-469B-B452-6AFC489AA71A}"
EndProject
Global
	GlobalSection(SolutionConfigurationPlatforms) = preSolution
		Debug|Any CPU = Debug|Any CPU
		Release|Any CPU = Release|Any CPU
	EndGlobalSection
	GlobalSection(ProjectConfigurationPlatforms) = postSolution
		{A602D0C1-B2F2-45FE-AD1C-31BCC5875D8F}.Debug|Any CPU.ActiveCfg = Debug|Any CPU
		{A602D0C1-B2F2-45FE-AD1C-31BCC5875D8F}.Debug|Any CPU.Build.0 = Debug|Any CPU
		{A602D0C1-B2F2-45FE-AD1C-31BCC5875D8F}.Release|Any CPU.ActiveCfg = Release|Any CPU
		{A602D0C1-B2F2-45FE-AD1C-31BCC5875D8F}.Release|Any CPU.Build.0 = Release|Any CPU
		{12614A59-E509-469B-B452-6AFC489AA71A}.Debug|Any CPU.ActiveCfg = Debug|Any CPU
		{12614A59-E509-469B-B452-6AFC489AA71A}.Debug|Any CPU.Build.0 = Debug|Any CPU
		{12614A59-E509-469B-B452-6AFC489AA71A}.Release|Any CPU.ActiveCfg = Release|Any CPU
		{12614A59-E509-469B-B452-6AFC489AA71A}.Release|Any CPU.Build.0 = Release|Any CPU
	EndGlobalSection
	GlobalSection(SolutionProperties) = preSolution
		HideSolutionNode = FALSE
	EndGlobalSection
	GlobalSection(ExtensibilityGlobals) = postSolution
		SolutionGuid = {91B09CA7-A578-428E-BBC5-03EB2FAA39C1}
	EndGlobalSection
EndGlobal
